{
  "nodes": {
    "flake-utils": {
      "inputs": {
        "systems": "systems"
      },
      "locked": {
        "lastModified": 1681202837,
        "narHash": "sha256-H+Rh19JDwRtpVPAWp64F+rlEtxUWBAQW28eAi3SRSzg=",
        "owner": "numtide",
        "repo": "flake-utils",
        "rev": "cfacdce06f30d2b68473a46042957675eebb3401",
        "type": "github"
      },
      "original": {
        "owner": "numtide",
        "repo": "flake-utils",
        "type": "github"
      }
    },
    "flake-utils_2": {
      "locked": {
        "lastModified": 1623875721,
        "narHash": "sha256-A8BU7bjS5GirpAUv4QA+QnJ4CceLHkcXdRp4xITDB0s=",
        "owner": "numtide",
        "repo": "flake-utils",
        "rev": "f7e004a55b120c02ecb6219596820fcd32ca8772",
        "type": "github"
      },
      "original": {
        "owner": "numtide",
        "repo": "flake-utils",
        "type": "github"
      }
    },
    "flake-utils_3": {
      "locked": {
        "lastModified": 1644229661,
        "narHash": "sha256-1YdnJAsNy69bpcjuoKdOYQX0YxZBiCYZo4Twxerqv7k=",
        "owner": "numtide",
        "repo": "flake-utils",
        "rev": "3cecb5b042f7f209c56ffd8371b2711a290ec797",
        "type": "github"
      },
      "original": {
        "owner": "numtide",
        "repo": "flake-utils",
        "type": "github"
      }
    },
    "flake-utils_4": {
      "locked": {
        "lastModified": 1644229661,
        "narHash": "sha256-1YdnJAsNy69bpcjuoKdOYQX0YxZBiCYZo4Twxerqv7k=",
        "owner": "numtide",
        "repo": "flake-utils",
        "rev": "3cecb5b042f7f209c56ffd8371b2711a290ec797",
        "type": "github"
      },
      "original": {
        "owner": "numtide",
        "repo": "flake-utils",
        "type": "github"
      }
    },
    "flake-utils_5": {
      "locked": {
        "lastModified": 1644229661,
        "narHash": "sha256-1YdnJAsNy69bpcjuoKdOYQX0YxZBiCYZo4Twxerqv7k=",
        "owner": "numtide",
        "repo": "flake-utils",
        "rev": "3cecb5b042f7f209c56ffd8371b2711a290ec797",
        "type": "github"
      },
      "original": {
        "owner": "numtide",
        "repo": "flake-utils",
        "type": "github"
      }
    },
    "nixpkgs": {
      "locked": {
        "lastModified": 1681921835,
        "narHash": "sha256-WWvI2aLDotGZZ5+pSUPylBnBe1RsNuEc3oN/I8X7zRo=",
        "owner": "NixOS",
        "repo": "nixpkgs",
        "rev": "0197f14455d2ee6dc86accda57a813f9bccdaf37",
        "type": "github"
      },
      "original": {
        "owner": "NixOS",
        "ref": "release-22.11",
        "repo": "nixpkgs",
        "type": "github"
      }
    },
    "nixpkgs_2": {
      "locked": {
        "lastModified": 1679130265,
        "narHash": "sha256-r0QB5IfmLNUx4QlvqDFFa5Hfb959HF1FQdTKgEVIOLM=",
        "owner": "NixOS",
        "repo": "nixpkgs",
        "rev": "46933a632389c17aad67a71be6b440389bc8cae5",
        "type": "github"
      },
      "original": {
        "owner": "NixOS",
        "ref": "release-22.11",
        "repo": "nixpkgs",
        "type": "github"
      }
    },
    "nixpkgs_3": {
      "locked": {
        "lastModified": 1676428076,
        "narHash": "sha256-8caqXsVSUvZqp4/pOLjbWWabzLEV/ZfDUiEv32WumKw=",
        "owner": "NixOS",
        "repo": "nixpkgs",
        "rev": "e0a054002198445ef987b55c34cde892cecc0de7",
        "type": "github"
      },
      "original": {
        "owner": "NixOS",
        "ref": "release-22.11",
        "repo": "nixpkgs",
        "type": "github"
      }
    },
    "nixpkgs_4": {
      "locked": {
        "lastModified": 1676428076,
        "narHash": "sha256-8caqXsVSUvZqp4/pOLjbWWabzLEV/ZfDUiEv32WumKw=",
        "owner": "NixOS",
        "repo": "nixpkgs",
        "rev": "e0a054002198445ef987b55c34cde892cecc0de7",
        "type": "github"
      },
      "original": {
        "owner": "NixOS",
        "ref": "release-22.11",
        "repo": "nixpkgs",
        "type": "github"
      }
    },
    "nixpkgs_5": {
      "locked": {
        "lastModified": 1676428076,
        "narHash": "sha256-8caqXsVSUvZqp4/pOLjbWWabzLEV/ZfDUiEv32WumKw=",
        "owner": "NixOS",
        "repo": "nixpkgs",
        "rev": "e0a054002198445ef987b55c34cde892cecc0de7",
        "type": "github"
      },
      "original": {
        "owner": "NixOS",
        "ref": "release-22.11",
        "repo": "nixpkgs",
        "type": "github"
      }
    },
    "rebound": {
      "inputs": {
        "flake-utils": "flake-utils_2",
        "nixpkgs": "nixpkgs_2",
        "unify": "unify"
      },
      "locked": {
        "lastModified": 1679135982,
        "narHash": "sha256-3NnQEnfnZDBidy1Pr0zhEE7PIehVc7k4RQ0oIB0C9Cs=",
        "owner": "jonascarpay",
        "repo": "rebound",
        "rev": "c5e836e8947ab396c98df37ee0a961b53f58041f",
        "type": "github"
      },
      "original": {
        "owner": "jonascarpay",
        "repo": "rebound",
        "type": "github"
      }
    },
    "root": {
      "inputs": {
        "flake-utils": "flake-utils",
        "nixpkgs": "nixpkgs",
        "rebound": "rebound",
        "safe-gen": "safe-gen",
        "unify": "unify_2"
      }
    },
    "safe-gen": {
      "inputs": {
        "flake-utils": "flake-utils_4",
        "nixpkgs": "nixpkgs_4"
      },
      "locked": {
        "lastModified": 1681887045,
        "narHash": "sha256-O6pw1kRnYDup7UP7b4MAt/39kX3Df/HWpuxyIzCua1U=",
        "owner": "xc-jp",
        "repo": "safe-gen",
        "rev": "21755c05c5edfbcc4b08da4cefcc4ce22b5d734f",
        "type": "github"
      },
      "original": {
        "owner": "xc-jp",
        "repo": "safe-gen",
        "type": "github"
      }
    },
    "systems": {
      "locked": {
        "lastModified": 1681028828,
        "narHash": "sha256-Vy1rq5AaRuLzOxct8nz4T6wlgyUR7zLU309k9mBC768=",
        "owner": "nix-systems",
        "repo": "default",
        "rev": "da67096a3b9bf56a91d16901293e51ba5b49a27e",
        "type": "github"
      },
      "original": {
        "owner": "nix-systems",
        "repo": "default",
        "type": "github"
      }
    },
    "unify": {
      "inputs": {
        "flake-utils": "flake-utils_3",
        "nixpkgs": "nixpkgs_3"
      },
      "locked": {
        "lastModified": 1677686483,
        "narHash": "sha256-8EI1fU+RQJ9zndEWiI9W9xWivyuzoqnFLuLVwMsJzms=",
        "owner": "jonascarpay",
        "repo": "unify",
        "rev": "80aec213b2e5dcab21a336f99d90589a6c01f683",
        "type": "github"
      },
      "original": {
        "owner": "jonascarpay",
        "repo": "unify",
        "type": "github"
      }
    },
    "unify_2": {
      "inputs": {
        "flake-utils": "flake-utils_5",
        "nixpkgs": "nixpkgs_5"
      },
      "locked": {
        "lastModified": 1677686483,
        "narHash": "sha256-8EI1fU+RQJ9zndEWiI9W9xWivyuzoqnFLuLVwMsJzms=",
        "owner": "jonascarpay",
        "repo": "unify",
        "rev": "80aec213b2e5dcab21a336f99d90589a6c01f683",
        "type": "github"
      },
      "original": {
        "owner": "jonascarpay",
        "repo": "unify",
        "type": "github"
      }
    }
  },
  "root": "root",
  "version": 7
}
